
Microsoft Visual Studio Solution File, Format Version 12.00
# Visual Studio Version 17
VisualStudioVersion = 17.14.36414.22 d17.14
MinimumVisualStudioVersion = 10.0.40219.1
Project("{FAE04EC0-301F-11D3-BF4B-00C04F79EFBC}") = "AutenticacaoMVC", "AutenticacaoMVC\AutenticacaoMVC.csproj", "{F026A7BE-104C-43BB-8F93-0471C539DF61}"
EndProject
Global
	GlobalSection(SolutionConfigurationPlatforms) = preSolution
		Debug|Any CPU = Debug|Any CPU
		Release|Any CPU = Release|Any CPU
	EndGlobalSection
	GlobalSection(ProjectConfigurationPlatforms) = postSolution
		{F026A7BE-104C-43BB-8F93-0471C539DF61}.Debug|Any CPU.ActiveCfg = Debug|Any CPU
		{F026A7BE-104C-43BB-8F93-0471C539DF61}.Debug|Any CPU.Build.0 = Debug|Any CPU
		{F026A7BE-104C-43BB-8F93-0471C539DF61}.Release|Any CPU.ActiveCfg = Release|Any CPU
		{F026A7BE-104C-43BB-8F93-0471C539DF61}.Release|Any CPU.Build.0 = Release|Any CPU
	EndGlobalSection
	GlobalSection(SolutionProperties) = preSolution
		HideSolutionNode = FALSE
	EndGlobalSection
	GlobalSection(ExtensibilityGlobals) = postSolution
		SolutionGuid = {118B7043-6D6F-4545-80A0-DB811C16ACEB}
	EndGlobalSection
EndGlobal
